
Microsoft Visual Studio Solution File, Format Version 12.00
# Visual Studio Version 17
VisualStudioVersion = 17.14.36414.22 d17.14
MinimumVisualStudioVersion = 10.0.40219.1
Project("{FAE04EC0-301F-11D3-BF4B-00C04F79EFBC}") = "ThreadExample", "ThreadExample\ThreadExample.csproj", "{BB650667-58D9-4C6B-A42E-DA3C6EF6281E}"
EndProject
Project("{FAE04EC0-301F-11D3-BF4B-00C04F79EFBC}") = "TcpEchoServerThread", "TcpEchoServerThread\TcpEchoServerThread.csproj", "{B455FD37-73C0-47AD-BA77-34BB054C408C}"
EndProject
Project("{FAE04EC0-301F-11D3-BF4B-00C04F79EFBC}") = "TcpEchoClient", "TcpEchoClient\TcpEchoClient.csproj", "{3902E3A8-B3E1-4334-A995-16223B5D0ACF}"
EndProject
Global
	GlobalSection(SolutionConfigurationPlatforms) = preSolution
		Debug|Any CPU = Debug|Any CPU
		Release|Any CPU = Release|Any CPU
	EndGlobalSection
	GlobalSection(ProjectConfigurationPlatforms) = postSolution
		{BB650667-58D9-4C6B-A42E-DA3C6EF6281E}.Debug|Any CPU.ActiveCfg = Debug|Any CPU
		{BB650667-58D9-4C6B-A42E-DA3C6EF6281E}.Debug|Any CPU.Build.0 = Debug|Any CPU
		{BB650667-58D9-4C6B-A42E-DA3C6EF6281E}.Release|Any CPU.ActiveCfg = Release|Any CPU
		{BB650667-58D9-4C6B-A42E-DA3C6EF6281E}.Release|Any CPU.Build.0 = Release|Any CPU
		{B455FD37-73C0-47AD-BA77-34BB054C408C}.Debug|Any CPU.ActiveCfg = Debug|Any CPU
		{B455FD37-73C0-47AD-BA77-34BB054C408C}.Debug|Any CPU.Build.0 = Debug|Any CPU
		{B455FD37-73C0-47AD-BA77-34BB054C408C}.Release|Any CPU.ActiveCfg = Release|Any CPU
		{B455FD37-73C0-47AD-BA77-34BB054C408C}.Release|Any CPU.Build.0 = Release|Any CPU
		{3902E3A8-B3E1-4334-A995-16223B5D0ACF}.Debug|Any CPU.ActiveCfg = Debug|Any CPU
		{3902E3A8-B3E1-4334-A995-16223B5D0ACF}.Debug|Any CPU.Build.0 = Debug|Any CPU
		{3902E3A8-B3E1-4334-A995-16223B5D0ACF}.Release|Any CPU.ActiveCfg = Release|Any CPU
		{3902E3A8-B3E1-4334-A995-16223B5D0ACF}.Release|Any CPU.Build.0 = Release|Any CPU
	EndGlobalSection
	GlobalSection(SolutionProperties) = preSolution
		HideSolutionNode = FALSE
	EndGlobalSection
	GlobalSection(ExtensibilityGlobals) = postSolution
		SolutionGuid = {3FDB88EA-B4D4-4744-BFA9-2BCAFF4CDB16}
	EndGlobalSection
EndGlobal
