
Microsoft Visual Studio Solution File, Format Version 12.00
# Visual Studio Version 17
VisualStudioVersion = 17.14.36603.0 d17.14
MinimumVisualStudioVersion = 10.0.40219.1
Project("{FAE04EC0-301F-11D3-BF4B-00C04F79EFBC}") = "AsyncSocketServer", "AsyncSocketServer\AsyncSocketServer.csproj", "{DFDB82EA-4E49-4439-B3B3-AA7659CC8F07}"
EndProject
Project("{FAE04EC0-301F-11D3-BF4B-00C04F79EFBC}") = "AsyncSocketTCP", "AsynSocketTCP\AsyncSocketTCP.csproj", "{598D1184-599B-4899-A530-EFBB5574C9AB}"
EndProject
Project("{FAE04EC0-301F-11D3-BF4B-00C04F79EFBC}") = "AsyncSocketClient", "AsyncSocketClient\AsyncSocketClient.csproj", "{12EEEA68-C253-48C2-926B-F1A2F63C42C9}"
EndProject
Global
	GlobalSection(SolutionConfigurationPlatforms) = preSolution
		Debug|Any CPU = Debug|Any CPU
		Release|Any CPU = Release|Any CPU
	EndGlobalSection
	GlobalSection(ProjectConfigurationPlatforms) = postSolution
		{DFDB82EA-4E49-4439-B3B3-AA7659CC8F07}.Debug|Any CPU.ActiveCfg = Debug|Any CPU
		{DFDB82EA-4E49-4439-B3B3-AA7659CC8F07}.Debug|Any CPU.Build.0 = Debug|Any CPU
		{DFDB82EA-4E49-4439-B3B3-AA7659CC8F07}.Release|Any CPU.ActiveCfg = Release|Any CPU
		{DFDB82EA-4E49-4439-B3B3-AA7659CC8F07}.Release|Any CPU.Build.0 = Release|Any CPU
		{598D1184-599B-4899-A530-EFBB5574C9AB}.Debug|Any CPU.ActiveCfg = Debug|Any CPU
		{598D1184-599B-4899-A530-EFBB5574C9AB}.Debug|Any CPU.Build.0 = Debug|Any CPU
		{598D1184-599B-4899-A530-EFBB5574C9AB}.Release|Any CPU.ActiveCfg = Release|Any CPU
		{598D1184-599B-4899-A530-EFBB5574C9AB}.Release|Any CPU.Build.0 = Release|Any CPU
		{12EEEA68-C253-48C2-926B-F1A2F63C42C9}.Debug|Any CPU.ActiveCfg = Debug|Any CPU
		{12EEEA68-C253-48C2-926B-F1A2F63C42C9}.Debug|Any CPU.Build.0 = Debug|Any CPU
		{12EEEA68-C253-48C2-926B-F1A2F63C42C9}.Release|Any CPU.ActiveCfg = Release|Any CPU
		{12EEEA68-C253-48C2-926B-F1A2F63C42C9}.Release|Any CPU.Build.0 = Release|Any CPU
	EndGlobalSection
	GlobalSection(SolutionProperties) = preSolution
		HideSolutionNode = FALSE
	EndGlobalSection
	GlobalSection(ExtensibilityGlobals) = postSolution
		SolutionGuid = {208F4ADD-CCD2-4251-B3A6-80EE35B2093A}
	EndGlobalSection
EndGlobal
